
Microsoft Visual Studio Solution File, Format Version 12.00
# Visual Studio Version 16
VisualStudioVersion = 16.0.31605.320
MinimumVisualStudioVersion = 10.0.40219.1
Project("{8BC9CEB8-8B4A-11D0-8D11-00A0C91BC942}") = "QtPopUp", "QtPopUp\QtPopUp.vcxproj", "{372C3853-42A3-46EE-9682-B330B807BD85}"
EndProject
Global
	GlobalSection(SolutionConfigurationPlatforms) = preSolution
		Debug|x64 = Debug|x64
		Release|x64 = Release|x64
	EndGlobalSection
	GlobalSection(ProjectConfigurationPlatforms) = postSolution
		{372C3853-42A3-46EE-9682-B330B807BD85}.Debug|x64.ActiveCfg = Debug|x64
		{372C3853-42A3-46EE-9682-B330B807BD85}.Debug|x64.Build.0 = Debug|x64
		{372C3853-42A3-46EE-9682-B330B807BD85}.Release|x64.ActiveCfg = Release|x64
		{372C3853-42A3-46EE-9682-B330B807BD85}.Release|x64.Build.0 = Release|x64
	EndGlobalSection
	GlobalSection(SolutionProperties) = preSolution
		HideSolutionNode = FALSE
	EndGlobalSection
	GlobalSection(ExtensibilityGlobals) = postSolution
		SolutionGuid = {E5E3F57A-C273-4C66-AF5F-82F9E3D9F169}
	EndGlobalSection
EndGlobal
